
Microsoft Visual Studio Solution File, Format Version 12.00
# Visual Studio Version 16
VisualStudioVersion = 16.0.31911.196
MinimumVisualStudioVersion = 10.0.40219.1
Project("{FAE04EC0-301F-11D3-BF4B-00C04F79EFBC}") = "PresentationLayer", "PresentationLayer\PresentationLayer.csproj", "{43E0E12F-F0BE-4151-A58A-0B701D75E680}"
EndProject
Project("{FAE04EC0-301F-11D3-BF4B-00C04F79EFBC}") = "BussinessLogicLayer", "BussinessLogicLayer\BussinessLogicLayer.csproj", "{770F8316-E14C-410D-8081-0172AFD567F9}"
EndProject
Project("{FAE04EC0-301F-11D3-BF4B-00C04F79EFBC}") = "DataAccessLayer", "DAL\DataAccessLayer.csproj", "{93BE232A-AA7E-4C61-8188-28A84D0C7452}"
EndProject
Global
	GlobalSection(SolutionConfigurationPlatforms) = preSolution
		Debug|Any CPU = Debug|Any CPU
		Release|Any CPU = Release|Any CPU
	EndGlobalSection
	GlobalSection(ProjectConfigurationPlatforms) = postSolution
		{43E0E12F-F0BE-4151-A58A-0B701D75E680}.Debug|Any CPU.ActiveCfg = Debug|Any CPU
		{43E0E12F-F0BE-4151-A58A-0B701D75E680}.Debug|Any CPU.Build.0 = Debug|Any CPU
		{43E0E12F-F0BE-4151-A58A-0B701D75E680}.Release|Any CPU.ActiveCfg = Release|Any CPU
		{43E0E12F-F0BE-4151-A58A-0B701D75E680}.Release|Any CPU.Build.0 = Release|Any CPU
		{770F8316-E14C-410D-8081-0172AFD567F9}.Debug|Any CPU.ActiveCfg = Debug|Any CPU
		{770F8316-E14C-410D-8081-0172AFD567F9}.Debug|Any CPU.Build.0 = Debug|Any CPU
		{770F8316-E14C-410D-8081-0172AFD567F9}.Release|Any CPU.ActiveCfg = Release|Any CPU
		{770F8316-E14C-410D-8081-0172AFD567F9}.Release|Any CPU.Build.0 = Release|Any CPU
		{93BE232A-AA7E-4C61-8188-28A84D0C7452}.Debug|Any CPU.ActiveCfg = Debug|Any CPU
		{93BE232A-AA7E-4C61-8188-28A84D0C7452}.Debug|Any CPU.Build.0 = Debug|Any CPU
		{93BE232A-AA7E-4C61-8188-28A84D0C7452}.Release|Any CPU.ActiveCfg = Release|Any CPU
		{93BE232A-AA7E-4C61-8188-28A84D0C7452}.Release|Any CPU.Build.0 = Release|Any CPU
	EndGlobalSection
	GlobalSection(SolutionProperties) = preSolution
		HideSolutionNode = FALSE
	EndGlobalSection
	GlobalSection(ExtensibilityGlobals) = postSolution
		SolutionGuid = {826F1760-C3F6-4402-8F28-B2E734001D97}
	EndGlobalSection
EndGlobal
